
Microsoft Visual Studio Solution File, Format Version 12.00
# Visual Studio Version 17
VisualStudioVersion = 17.5.33502.453
MinimumVisualStudioVersion = 10.0.40219.1
Project("{2150E333-8FDC-42A3-9474-1A3956D46DE8}") = "SRC", "SRC", "{425F9F9F-5DE7-485E-8D6C-D330C5D8B298}"
EndProject
Project("{2150E333-8FDC-42A3-9474-1A3956D46DE8}") = "Infraestructure", "Infraestructure", "{DDFE95DD-BB10-429F-A53A-DE8E2D9ED1EE}"
EndProject
Project("{2150E333-8FDC-42A3-9474-1A3956D46DE8}") = "Core", "Core", "{872A7F96-D12C-46C1-AC2D-6B36A4ABA252}"
EndProject
Project("{2150E333-8FDC-42A3-9474-1A3956D46DE8}") = "Presentation", "Presentation", "{A2533FE3-1FD9-4E56-8612-887FFA71DEBE}"
EndProject
Project("{9A19103F-16F7-4668-BE54-9A1E7A4F7556}") = "Application", "Application\Application.csproj", "{6AA492BE-A4FE-487A-99F0-42FCCB461E78}"
EndProject
Project("{9A19103F-16F7-4668-BE54-9A1E7A4F7556}") = "Domain", "Domain\Domain.csproj", "{BD7DA407-3374-4887-876E-968E446E66AA}"
EndProject
Project("{9A19103F-16F7-4668-BE54-9A1E7A4F7556}") = "Persistence", "Persistence\Persistence.csproj", "{B2620804-BEEA-4C92-9C8C-9003D37EC208}"
EndProject
Project("{9A19103F-16F7-4668-BE54-9A1E7A4F7556}") = "Shared", "Shared\Shared.csproj", "{EAEAEFCB-4C18-4C28-ABAC-13FD1A5BC0D2}"
EndProject
Project("{FAE04EC0-301F-11D3-BF4B-00C04F79EFBC}") = "WebApi", "WebApi\WebApi.csproj", "{F74EFFDB-7343-4AEB-8E90-D13459B18DA0}"
EndProject
Global
	GlobalSection(SolutionConfigurationPlatforms) = preSolution
		Debug|Any CPU = Debug|Any CPU
		Release|Any CPU = Release|Any CPU
	EndGlobalSection
	GlobalSection(ProjectConfigurationPlatforms) = postSolution
		{6AA492BE-A4FE-487A-99F0-42FCCB461E78}.Debug|Any CPU.ActiveCfg = Debug|Any CPU
		{6AA492BE-A4FE-487A-99F0-42FCCB461E78}.Debug|Any CPU.Build.0 = Debug|Any CPU
		{6AA492BE-A4FE-487A-99F0-42FCCB461E78}.Release|Any CPU.ActiveCfg = Release|Any CPU
		{6AA492BE-A4FE-487A-99F0-42FCCB461E78}.Release|Any CPU.Build.0 = Release|Any CPU
		{BD7DA407-3374-4887-876E-968E446E66AA}.Debug|Any CPU.ActiveCfg = Debug|Any CPU
		{BD7DA407-3374-4887-876E-968E446E66AA}.Debug|Any CPU.Build.0 = Debug|Any CPU
		{BD7DA407-3374-4887-876E-968E446E66AA}.Release|Any CPU.ActiveCfg = Release|Any CPU
		{BD7DA407-3374-4887-876E-968E446E66AA}.Release|Any CPU.Build.0 = Release|Any CPU
		{B2620804-BEEA-4C92-9C8C-9003D37EC208}.Debug|Any CPU.ActiveCfg = Debug|Any CPU
		{B2620804-BEEA-4C92-9C8C-9003D37EC208}.Debug|Any CPU.Build.0 = Debug|Any CPU
		{B2620804-BEEA-4C92-9C8C-9003D37EC208}.Release|Any CPU.ActiveCfg = Release|Any CPU
		{B2620804-BEEA-4C92-9C8C-9003D37EC208}.Release|Any CPU.Build.0 = Release|Any CPU
		{EAEAEFCB-4C18-4C28-ABAC-13FD1A5BC0D2}.Debug|Any CPU.ActiveCfg = Debug|Any CPU
		{EAEAEFCB-4C18-4C28-ABAC-13FD1A5BC0D2}.Debug|Any CPU.Build.0 = Debug|Any CPU
		{EAEAEFCB-4C18-4C28-ABAC-13FD1A5BC0D2}.Release|Any CPU.ActiveCfg = Release|Any CPU
		{EAEAEFCB-4C18-4C28-ABAC-13FD1A5BC0D2}.Release|Any CPU.Build.0 = Release|Any CPU
		{F74EFFDB-7343-4AEB-8E90-D13459B18DA0}.Debug|Any CPU.ActiveCfg = Debug|Any CPU
		{F74EFFDB-7343-4AEB-8E90-D13459B18DA0}.Debug|Any CPU.Build.0 = Debug|Any CPU
		{F74EFFDB-7343-4AEB-8E90-D13459B18DA0}.Release|Any CPU.ActiveCfg = Release|Any CPU
		{F74EFFDB-7343-4AEB-8E90-D13459B18DA0}.Release|Any CPU.Build.0 = Release|Any CPU
	EndGlobalSection
	GlobalSection(SolutionProperties) = preSolution
		HideSolutionNode = FALSE
	EndGlobalSection
	GlobalSection(NestedProjects) = preSolution
		{DDFE95DD-BB10-429F-A53A-DE8E2D9ED1EE} = {425F9F9F-5DE7-485E-8D6C-D330C5D8B298}
		{872A7F96-D12C-46C1-AC2D-6B36A4ABA252} = {425F9F9F-5DE7-485E-8D6C-D330C5D8B298}
		{A2533FE3-1FD9-4E56-8612-887FFA71DEBE} = {425F9F9F-5DE7-485E-8D6C-D330C5D8B298}
		{6AA492BE-A4FE-487A-99F0-42FCCB461E78} = {872A7F96-D12C-46C1-AC2D-6B36A4ABA252}
		{BD7DA407-3374-4887-876E-968E446E66AA} = {872A7F96-D12C-46C1-AC2D-6B36A4ABA252}
		{B2620804-BEEA-4C92-9C8C-9003D37EC208} = {DDFE95DD-BB10-429F-A53A-DE8E2D9ED1EE}
		{EAEAEFCB-4C18-4C28-ABAC-13FD1A5BC0D2} = {DDFE95DD-BB10-429F-A53A-DE8E2D9ED1EE}
		{F74EFFDB-7343-4AEB-8E90-D13459B18DA0} = {A2533FE3-1FD9-4E56-8612-887FFA71DEBE}
	EndGlobalSection
	GlobalSection(ExtensibilityGlobals) = postSolution
		SolutionGuid = {3CADF4D2-BB6A-4DE5-8AA2-E04733581646}
	EndGlobalSection
EndGlobal
